
Microsoft Visual Studio Solution File, Format Version 12.00
# Visual Studio Version 17
VisualStudioVersion = 17.8.34728.176
MinimumVisualStudioVersion = 10.0.40219.1
Project("{9A19103F-16F7-4668-BE54-9A1E7A4F7556}") = "FluentCumbia", "FluentCumbia.csproj", "{6F0D8D95-A98B-4266-8D52-EF434D5E8A03}"
EndProject
Global
	GlobalSection(SolutionConfigurationPlatforms) = preSolution
		Debug|Any CPU = Debug|Any CPU
		Release|Any CPU = Release|Any CPU
	EndGlobalSection
	GlobalSection(ProjectConfigurationPlatforms) = postSolution
		{6F0D8D95-A98B-4266-8D52-EF434D5E8A03}.Debug|Any CPU.ActiveCfg = Debug|Any CPU
		{6F0D8D95-A98B-4266-8D52-EF434D5E8A03}.Debug|Any CPU.Build.0 = Debug|Any CPU
		{6F0D8D95-A98B-4266-8D52-EF434D5E8A03}.Release|Any CPU.ActiveCfg = Release|Any CPU
		{6F0D8D95-A98B-4266-8D52-EF434D5E8A03}.Release|Any CPU.Build.0 = Release|Any CPU
	EndGlobalSection
	GlobalSection(SolutionProperties) = preSolution
		HideSolutionNode = FALSE
	EndGlobalSection
	GlobalSection(ExtensibilityGlobals) = postSolution
		SolutionGuid = {C046455D-B344-4D40-81B0-7239E34F2FA2}
	EndGlobalSection
EndGlobal
